{
    "name": "ims-api",
    "lockfileVersion": 3,
    "requires": true,
    "packages": {
        "": {
            "name": "ims-api",
            "dependencies": {
                "@hono/node-server": "latest",
                "bcryptjs": "^3.0.2",
                "date-fns": "^4.1.0",
                "dotenv": "latest",
                "hono": "latest",
                "jsonwebtoken": "^9.0.2",
                "mariadb": "latest",
                "winston": "latest"
            },
            "devDependencies": {
                "@types/bun": "latest"
            },
            "peerDependencies": {
                "typescript": "^5"
            }
        },
        "node_modules/@colors/colors": {
            "version": "1.6.0",
            "license": "MIT",
            "engines": {
                "node": ">=0.1.90"
            }
        },
        "node_modules/@dabh/diagnostics": {
            "version": "2.0.3",
            "license": "MIT",
            "dependencies": {
                "colorspace": "1.1.x",
                "enabled": "2.0.x",
                "kuler": "^2.0.0"
            }
        },
        "node_modules/@hono/node-server": {
            "version": "1.15.0",
            "resolved": "https://registry.npmjs.org/@hono/node-server/-/node-server-1.15.0.tgz",
            "integrity": "sha512-MjmK4l5N4dQpZ9OSWN0tCj7ejuc7WvuWMzSKtc89bnknJykAeHxzRigXBTYZk85H6Awrii6RM59iUiUluApu2A==",
            "license": "MIT",
            "engines": {
                "node": ">=18.14.1"
            },
            "peerDependencies": {
                "hono": "^4"
            }
        },
        "node_modules/@types/bun": {
            "version": "1.2.18",
            "resolved": "https://registry.npmjs.org/@types/bun/-/bun-1.2.18.tgz",
            "integrity": "sha512-Xf6RaWVheyemaThV0kUfaAUvCNokFr+bH8Jxp+tTZfx7dAPA8z9ePnP9S9+Vspzuxxx9JRAXhnyccRj3GyCMdQ==",
            "dev": true,
            "license": "MIT",
            "dependencies": {
                "bun-types": "1.2.18"
            }
        },
        "node_modules/@types/node": {
            "version": "24.0.10",
            "resolved": "https://registry.npmjs.org/@types/node/-/node-24.0.10.tgz",
            "integrity": "sha512-ENHwaH+JIRTDIEEbDK6QSQntAYGtbvdDXnMXnZaZ6k13Du1dPMmprkEHIL7ok2Wl2aZevetwTAb5S+7yIF+enA==",
            "dev": true,
            "license": "MIT",
            "dependencies": {
                "undici-types": "~7.8.0"
            }
        },
        "node_modules/@types/react": {
            "version": "19.1.8",
            "resolved": "https://registry.npmjs.org/@types/react/-/react-19.1.8.tgz",
            "integrity": "sha512-AwAfQ2Wa5bCx9WP8nZL2uMZWod7J7/JSplxbTmBQ5ms6QpqNYm672H0Vu9ZVKVngQ+ii4R/byguVEUZQyeg44g==",
            "dev": true,
            "license": "MIT",
            "peer": true,
            "dependencies": {
                "csstype": "^3.0.2"
            }
        },
        "node_modules/@types/triple-beam": {
            "version": "1.3.5",
            "license": "MIT"
        },
        "node_modules/async": {
            "version": "3.2.6",
            "license": "MIT"
        },
        "node_modules/bcryptjs": {
            "version": "3.0.2",
            "license": "BSD-3-Clause",
            "bin": {
                "bcrypt": "bin/bcrypt"
            }
        },
        "node_modules/buffer-equal-constant-time": {
            "version": "1.0.1",
            "license": "BSD-3-Clause"
        },
        "node_modules/bun-types": {
            "version": "1.2.18",
            "resolved": "https://registry.npmjs.org/bun-types/-/bun-types-1.2.18.tgz",
            "integrity": "sha512-04+Eha5NP7Z0A9YgDAzMk5PHR16ZuLVa83b26kH5+cp1qZW4F6FmAURngE7INf4tKOvCE69vYvDEwoNl1tGiWw==",
            "dev": true,
            "license": "MIT",
            "dependencies": {
                "@types/node": "*"
            },
            "peerDependencies": {
                "@types/react": "^19"
            }
        },
        "node_modules/color": {
            "version": "3.2.1",
            "license": "MIT",
            "dependencies": {
                "color-convert": "^1.9.3",
                "color-string": "^1.6.0"
            }
        },
        "node_modules/color-convert": {
            "version": "1.9.3",
            "license": "MIT",
            "dependencies": {
                "color-name": "1.1.3"
            }
        },
        "node_modules/color-name": {
            "version": "1.1.3",
            "license": "MIT"
        },
        "node_modules/color-string": {
            "version": "1.9.1",
            "license": "MIT",
            "dependencies": {
                "color-name": "^1.0.0",
                "simple-swizzle": "^0.2.2"
            }
        },
        "node_modules/colorspace": {
            "version": "1.1.4",
            "license": "MIT",
            "dependencies": {
                "color": "^3.1.3",
                "text-hex": "1.0.x"
            }
        },
        "node_modules/csstype": {
            "version": "3.1.3",
            "resolved": "https://registry.npmjs.org/csstype/-/csstype-3.1.3.tgz",
            "integrity": "sha512-M1uQkMl8rQK/szD0LNhtqxIPLpimGm8sOBwU7lLnCpSbTyY3yeU1Vc7l4KT5zT4s/yOxHH5O7tIuuLOCnLADRw==",
            "dev": true,
            "license": "MIT",
            "peer": true
        },
        "node_modules/date-fns": {
            "version": "4.1.0",
            "license": "MIT",
            "funding": {
                "type": "github",
                "url": "https://github.com/sponsors/kossnocorp"
            }
        },
        "node_modules/denque": {
            "version": "2.1.0",
            "license": "Apache-2.0",
            "engines": {
                "node": ">=0.10"
            }
        },
        "node_modules/dotenv": {
            "version": "17.0.1",
            "resolved": "https://registry.npmjs.org/dotenv/-/dotenv-17.0.1.tgz",
            "integrity": "sha512-GLjkduuAL7IMJg/ZnOPm9AnWKJ82mSE2tzXLaJ/6hD6DhwGfZaXG77oB8qbReyiczNxnbxQKyh0OE5mXq0bAHA==",
            "license": "BSD-2-Clause",
            "engines": {
                "node": ">=12"
            },
            "funding": {
                "url": "https://dotenvx.com"
            }
        },
        "node_modules/ecdsa-sig-formatter": {
            "version": "1.0.11",
            "license": "Apache-2.0",
            "dependencies": {
                "safe-buffer": "^5.0.1"
            }
        },
        "node_modules/enabled": {
            "version": "2.0.0",
            "license": "MIT"
        },
        "node_modules/fecha": {
            "version": "4.2.3",
            "license": "MIT"
        },
        "node_modules/fn.name": {
            "version": "1.1.0",
            "license": "MIT"
        },
        "node_modules/hono": {
            "version": "4.8.3",
            "resolved": "https://registry.npmjs.org/hono/-/hono-4.8.3.tgz",
            "integrity": "sha512-jYZ6ZtfWjzBdh8H/0CIFfCBHaFL75k+KMzaM177hrWWm2TWL39YMYaJgB74uK/niRc866NMlH9B8uCvIo284WQ==",
            "license": "MIT",
            "engines": {
                "node": ">=16.9.0"
            }
        },
        "node_modules/iconv-lite": {
            "version": "0.6.3",
            "license": "MIT",
            "dependencies": {
                "safer-buffer": ">= 2.1.2 < 3.0.0"
            },
            "engines": {
                "node": ">=0.10.0"
            }
        },
        "node_modules/inherits": {
            "version": "2.0.4",
            "license": "ISC"
        },
        "node_modules/is-arrayish": {
            "version": "0.3.2",
            "license": "MIT"
        },
        "node_modules/is-stream": {
            "version": "2.0.1",
            "license": "MIT",
            "engines": {
                "node": ">=8"
            },
            "funding": {
                "url": "https://github.com/sponsors/sindresorhus"
            }
        },
        "node_modules/jsonwebtoken": {
            "version": "9.0.2",
            "license": "MIT",
            "dependencies": {
                "jws": "^3.2.2",
                "lodash.includes": "^4.3.0",
                "lodash.isboolean": "^3.0.3",
                "lodash.isinteger": "^4.0.4",
                "lodash.isnumber": "^3.0.3",
                "lodash.isplainobject": "^4.0.6",
                "lodash.isstring": "^4.0.1",
                "lodash.once": "^4.0.0",
                "ms": "^2.1.1",
                "semver": "^7.5.4"
            },
            "engines": {
                "node": ">=12",
                "npm": ">=6"
            }
        },
        "node_modules/jwa": {
            "version": "1.4.2",
            "license": "MIT",
            "dependencies": {
                "buffer-equal-constant-time": "^1.0.1",
                "ecdsa-sig-formatter": "1.0.11",
                "safe-buffer": "^5.0.1"
            }
        },
        "node_modules/jws": {
            "version": "3.2.2",
            "license": "MIT",
            "dependencies": {
                "jwa": "^1.4.1",
                "safe-buffer": "^5.0.1"
            }
        },
        "node_modules/kuler": {
            "version": "2.0.0",
            "license": "MIT"
        },
        "node_modules/lodash.includes": {
            "version": "4.3.0",
            "license": "MIT"
        },
        "node_modules/lodash.isboolean": {
            "version": "3.0.3",
            "license": "MIT"
        },
        "node_modules/lodash.isinteger": {
            "version": "4.0.4",
            "license": "MIT"
        },
        "node_modules/lodash.isnumber": {
            "version": "3.0.3",
            "license": "MIT"
        },
        "node_modules/lodash.isplainobject": {
            "version": "4.0.6",
            "license": "MIT"
        },
        "node_modules/lodash.isstring": {
            "version": "4.0.1",
            "license": "MIT"
        },
        "node_modules/lodash.once": {
            "version": "4.1.1",
            "license": "MIT"
        },
        "node_modules/logform": {
            "version": "2.7.0",
            "license": "MIT",
            "dependencies": {
                "@colors/colors": "1.6.0",
                "@types/triple-beam": "^1.3.2",
                "fecha": "^4.2.0",
                "ms": "^2.1.1",
                "safe-stable-stringify": "^2.3.1",
                "triple-beam": "^1.3.0"
            },
            "engines": {
                "node": ">= 12.0.0"
            }
        },
        "node_modules/lru-cache": {
            "version": "10.4.3",
            "license": "ISC"
        },
        "node_modules/mariadb": {
            "version": "3.4.4",
            "resolved": "https://registry.npmjs.org/mariadb/-/mariadb-3.4.4.tgz",
            "integrity": "sha512-feIbZJM8q1ddPAcG9UXcY9/afrpQMxIN3pWQTYBnwCTzQcFkZ6RJHFWB46mDHoLFdQh02lZgyg3uq6Y/74E5bA==",
            "license": "LGPL-2.1-or-later",
            "dependencies": {
                "denque": "^2.1.0",
                "iconv-lite": "^0.6.3",
                "lru-cache": "^10.3.0"
            },
            "engines": {
                "node": ">= 14"
            }
        },
        "node_modules/ms": {
            "version": "2.1.3",
            "license": "MIT"
        },
        "node_modules/one-time": {
            "version": "1.0.0",
            "license": "MIT",
            "dependencies": {
                "fn.name": "1.x.x"
            }
        },
        "node_modules/readable-stream": {
            "version": "3.6.2",
            "license": "MIT",
            "dependencies": {
                "inherits": "^2.0.3",
                "string_decoder": "^1.1.1",
                "util-deprecate": "^1.0.1"
            },
            "engines": {
                "node": ">= 6"
            }
        },
        "node_modules/safe-buffer": {
            "version": "5.2.1",
            "funding": [
                {
                    "type": "github",
                    "url": "https://github.com/sponsors/feross"
                },
                {
                    "type": "patreon",
                    "url": "https://www.patreon.com/feross"
                },
                {
                    "type": "consulting",
                    "url": "https://feross.org/support"
                }
            ],
            "license": "MIT"
        },
        "node_modules/safe-stable-stringify": {
            "version": "2.5.0",
            "license": "MIT",
            "engines": {
                "node": ">=10"
            }
        },
        "node_modules/safer-buffer": {
            "version": "2.1.2",
            "license": "MIT"
        },
        "node_modules/semver": {
            "version": "7.7.2",
            "license": "ISC",
            "bin": {
                "semver": "bin/semver.js"
            },
            "engines": {
                "node": ">=10"
            }
        },
        "node_modules/simple-swizzle": {
            "version": "0.2.2",
            "license": "MIT",
            "dependencies": {
                "is-arrayish": "^0.3.1"
            }
        },
        "node_modules/stack-trace": {
            "version": "0.0.10",
            "license": "MIT",
            "engines": {
                "node": "*"
            }
        },
        "node_modules/string_decoder": {
            "version": "1.3.0",
            "license": "MIT",
            "dependencies": {
                "safe-buffer": "~5.2.0"
            }
        },
        "node_modules/text-hex": {
            "version": "1.0.0",
            "license": "MIT"
        },
        "node_modules/triple-beam": {
            "version": "1.4.1",
            "license": "MIT",
            "engines": {
                "node": ">= 14.0.0"
            }
        },
        "node_modules/typescript": {
            "version": "5.8.3",
            "license": "Apache-2.0",
            "peer": true,
            "bin": {
                "tsc": "bin/tsc",
                "tsserver": "bin/tsserver"
            },
            "engines": {
                "node": ">=14.17"
            }
        },
        "node_modules/undici-types": {
            "version": "7.8.0",
            "resolved": "https://registry.npmjs.org/undici-types/-/undici-types-7.8.0.tgz",
            "integrity": "sha512-9UJ2xGDvQ43tYyVMpuHlsgApydB8ZKfVYTsLDhXkFL/6gfkp+U8xTGdh8pMJv1SpZna0zxG1DwsKZsreLbXBxw==",
            "dev": true,
            "license": "MIT"
        },
        "node_modules/util-deprecate": {
            "version": "1.0.2",
            "license": "MIT"
        },
        "node_modules/winston": {
            "version": "3.17.0",
            "resolved": "https://registry.npmjs.org/winston/-/winston-3.17.0.tgz",
            "integrity": "sha512-DLiFIXYC5fMPxaRg832S6F5mJYvePtmO5G9v9IgUFPhXm9/GkXarH/TUrBAVzhTCzAj9anE/+GjrgXp/54nOgw==",
            "license": "MIT",
            "dependencies": {
                "@colors/colors": "^1.6.0",
                "@dabh/diagnostics": "^2.0.2",
                "async": "^3.2.3",
                "is-stream": "^2.0.0",
                "logform": "^2.7.0",
                "one-time": "^1.0.0",
                "readable-stream": "^3.4.0",
                "safe-stable-stringify": "^2.3.1",
                "stack-trace": "0.0.x",
                "triple-beam": "^1.3.0",
                "winston-transport": "^4.9.0"
            },
            "engines": {
                "node": ">= 12.0.0"
            }
        },
        "node_modules/winston-transport": {
            "version": "4.9.0",
            "license": "MIT",
            "dependencies": {
                "logform": "^2.7.0",
                "readable-stream": "^3.6.2",
                "triple-beam": "^1.3.0"
            },
            "engines": {
                "node": ">= 12.0.0"
            }
        }
    }
}
